
Microsoft Visual Studio Solution File, Format Version 12.00
# Visual Studio Version 16
VisualStudioVersion = 16.0.30907.101
MinimumVisualStudioVersion = 15.0.26124.0
Project("{9A19103F-16F7-4668-BE54-9A1E7A4F7556}") = "BankingExample.Api", "BankingExample.Api\BankingExample.Api.csproj", "{F28D00F7-5813-4015-A1B7-0BC2087D05AE}"
EndProject
Project("{FAE04EC0-301F-11D3-BF4B-00C04F79EFBC}") = "BankingExample.Domain", "BankingExample.Domain\BankingExample.Domain.csproj", "{3BD8CBE2-FC2B-4004-A70F-121059F173C3}"
EndProject
Project("{FAE04EC0-301F-11D3-BF4B-00C04F79EFBC}") = "BankingExample.Contracts", "BankingExample.Contracts\BankingExample.Contracts.csproj", "{40D52DB1-B9AE-46F1-A8EC-64FA08854E01}"
EndProject
Project("{FAE04EC0-301F-11D3-BF4B-00C04F79EFBC}") = "BankingExample.Bus", "BankingExample.Bus\BankingExample.Bus.csproj", "{95A70D85-118A-472A-87AC-0AADFBDE7523}"
EndProject
Global
	GlobalSection(SolutionConfigurationPlatforms) = preSolution
		Debug|Any CPU = Debug|Any CPU
		Debug|x64 = Debug|x64
		Debug|x86 = Debug|x86
		Release|Any CPU = Release|Any CPU
		Release|x64 = Release|x64
		Release|x86 = Release|x86
	EndGlobalSection
	GlobalSection(ProjectConfigurationPlatforms) = postSolution
		{F28D00F7-5813-4015-A1B7-0BC2087D05AE}.Debug|Any CPU.ActiveCfg = Debug|Any CPU
		{F28D00F7-5813-4015-A1B7-0BC2087D05AE}.Debug|Any CPU.Build.0 = Debug|Any CPU
		{F28D00F7-5813-4015-A1B7-0BC2087D05AE}.Debug|x64.ActiveCfg = Debug|Any CPU
		{F28D00F7-5813-4015-A1B7-0BC2087D05AE}.Debug|x64.Build.0 = Debug|Any CPU
		{F28D00F7-5813-4015-A1B7-0BC2087D05AE}.Debug|x86.ActiveCfg = Debug|Any CPU
		{F28D00F7-5813-4015-A1B7-0BC2087D05AE}.Debug|x86.Build.0 = Debug|Any CPU
		{F28D00F7-5813-4015-A1B7-0BC2087D05AE}.Release|Any CPU.ActiveCfg = Release|Any CPU
		{F28D00F7-5813-4015-A1B7-0BC2087D05AE}.Release|Any CPU.Build.0 = Release|Any CPU
		{F28D00F7-5813-4015-A1B7-0BC2087D05AE}.Release|x64.ActiveCfg = Release|Any CPU
		{F28D00F7-5813-4015-A1B7-0BC2087D05AE}.Release|x64.Build.0 = Release|Any CPU
		{F28D00F7-5813-4015-A1B7-0BC2087D05AE}.Release|x86.ActiveCfg = Release|Any CPU
		{F28D00F7-5813-4015-A1B7-0BC2087D05AE}.Release|x86.Build.0 = Release|Any CPU
		{3BD8CBE2-FC2B-4004-A70F-121059F173C3}.Debug|Any CPU.ActiveCfg = Debug|Any CPU
		{3BD8CBE2-FC2B-4004-A70F-121059F173C3}.Debug|Any CPU.Build.0 = Debug|Any CPU
		{3BD8CBE2-FC2B-4004-A70F-121059F173C3}.Debug|x64.ActiveCfg = Debug|Any CPU
		{3BD8CBE2-FC2B-4004-A70F-121059F173C3}.Debug|x64.Build.0 = Debug|Any CPU
		{3BD8CBE2-FC2B-4004-A70F-121059F173C3}.Debug|x86.ActiveCfg = Debug|Any CPU
		{3BD8CBE2-FC2B-4004-A70F-121059F173C3}.Debug|x86.Build.0 = Debug|Any CPU
		{3BD8CBE2-FC2B-4004-A70F-121059F173C3}.Release|Any CPU.ActiveCfg = Release|Any CPU
		{3BD8CBE2-FC2B-4004-A70F-121059F173C3}.Release|Any CPU.Build.0 = Release|Any CPU
		{3BD8CBE2-FC2B-4004-A70F-121059F173C3}.Release|x64.ActiveCfg = Release|Any CPU
		{3BD8CBE2-FC2B-4004-A70F-121059F173C3}.Release|x64.Build.0 = Release|Any CPU
		{3BD8CBE2-FC2B-4004-A70F-121059F173C3}.Release|x86.ActiveCfg = Release|Any CPU
		{3BD8CBE2-FC2B-4004-A70F-121059F173C3}.Release|x86.Build.0 = Release|Any CPU
		{40D52DB1-B9AE-46F1-A8EC-64FA08854E01}.Debug|Any CPU.ActiveCfg = Debug|Any CPU
		{40D52DB1-B9AE-46F1-A8EC-64FA08854E01}.Debug|Any CPU.Build.0 = Debug|Any CPU
		{40D52DB1-B9AE-46F1-A8EC-64FA08854E01}.Debug|x64.ActiveCfg = Debug|Any CPU
		{40D52DB1-B9AE-46F1-A8EC-64FA08854E01}.Debug|x64.Build.0 = Debug|Any CPU
		{40D52DB1-B9AE-46F1-A8EC-64FA08854E01}.Debug|x86.ActiveCfg = Debug|Any CPU
		{40D52DB1-B9AE-46F1-A8EC-64FA08854E01}.Debug|x86.Build.0 = Debug|Any CPU
		{40D52DB1-B9AE-46F1-A8EC-64FA08854E01}.Release|Any CPU.ActiveCfg = Release|Any CPU
		{40D52DB1-B9AE-46F1-A8EC-64FA08854E01}.Release|Any CPU.Build.0 = Release|Any CPU
		{40D52DB1-B9AE-46F1-A8EC-64FA08854E01}.Release|x64.ActiveCfg = Release|Any CPU
		{40D52DB1-B9AE-46F1-A8EC-64FA08854E01}.Release|x64.Build.0 = Release|Any CPU
		{40D52DB1-B9AE-46F1-A8EC-64FA08854E01}.Release|x86.ActiveCfg = Release|Any CPU
		{40D52DB1-B9AE-46F1-A8EC-64FA08854E01}.Release|x86.Build.0 = Release|Any CPU
		{95A70D85-118A-472A-87AC-0AADFBDE7523}.Debug|Any CPU.ActiveCfg = Debug|Any CPU
		{95A70D85-118A-472A-87AC-0AADFBDE7523}.Debug|Any CPU.Build.0 = Debug|Any CPU
		{95A70D85-118A-472A-87AC-0AADFBDE7523}.Debug|x64.ActiveCfg = Debug|Any CPU
		{95A70D85-118A-472A-87AC-0AADFBDE7523}.Debug|x64.Build.0 = Debug|Any CPU
		{95A70D85-118A-472A-87AC-0AADFBDE7523}.Debug|x86.ActiveCfg = Debug|Any CPU
		{95A70D85-118A-472A-87AC-0AADFBDE7523}.Debug|x86.Build.0 = Debug|Any CPU
		{95A70D85-118A-472A-87AC-0AADFBDE7523}.Release|Any CPU.ActiveCfg = Release|Any CPU
		{95A70D85-118A-472A-87AC-0AADFBDE7523}.Release|Any CPU.Build.0 = Release|Any CPU
		{95A70D85-118A-472A-87AC-0AADFBDE7523}.Release|x64.ActiveCfg = Release|Any CPU
		{95A70D85-118A-472A-87AC-0AADFBDE7523}.Release|x64.Build.0 = Release|Any CPU
		{95A70D85-118A-472A-87AC-0AADFBDE7523}.Release|x86.ActiveCfg = Release|Any CPU
		{95A70D85-118A-472A-87AC-0AADFBDE7523}.Release|x86.Build.0 = Release|Any CPU
	EndGlobalSection
	GlobalSection(SolutionProperties) = preSolution
		HideSolutionNode = FALSE
	EndGlobalSection
	GlobalSection(ExtensibilityGlobals) = postSolution
		SolutionGuid = {2C5ED3F6-3B43-41E8-A625-57AD66F9A824}
	EndGlobalSection
EndGlobal
